Microsoft Visual Studio Solution File, Format Version 12.00
# Visual Studio Version 17
VisualStudioVersion = 17.5.2.0
MinimumVisualStudioVersion = 10.0.40219.1
Project("{FAE04EC0-301F-11D3-BF4B-00C04F79EFBC}") = "Kapitel 1", "Kapitel 1.csproj", "{C9B3FC03-100A-B502-B0B6-843EBAC9DD4E}"
EndProject
Global
	GlobalSection(SolutionConfigurationPlatforms) = preSolution
		Debug|Any CPU = Debug|Any CPU
		Release|Any CPU = Release|Any CPU
	EndGlobalSection
	GlobalSection(ProjectConfigurationPlatforms) = postSolution
		{C9B3FC03-100A-B502-B0B6-843EBAC9DD4E}.Debug|Any CPU.ActiveCfg = Debug|Any CPU
		{C9B3FC03-100A-B502-B0B6-843EBAC9DD4E}.Debug|Any CPU.Build.0 = Debug|Any CPU
		{C9B3FC03-100A-B502-B0B6-843EBAC9DD4E}.Release|Any CPU.ActiveCfg = Release|Any CPU
		{C9B3FC03-100A-B502-B0B6-843EBAC9DD4E}.Release|Any CPU.Build.0 = Release|Any CPU
	EndGlobalSection
	GlobalSection(SolutionProperties) = preSolution
		HideSolutionNode = FALSE
	EndGlobalSection
	GlobalSection(ExtensibilityGlobals) = postSolution
		SolutionGuid = {D82087FF-5179-43D3-8768-D8BCE637E7A3}
	EndGlobalSection
EndGlobal
