Microsoft Visual Studio Solution File, Format Version 12.00
# Visual Studio Version 17
VisualStudioVersion = 17.5.2.0
MinimumVisualStudioVersion = 10.0.40219.1
Project("{FAE04EC0-301F-11D3-BF4B-00C04F79EFBC}") = "MelloAppen", "MelloAppen.csproj", "{5214936E-8411-899B-B85D-1FAD66C029D3}"
EndProject
Global
	GlobalSection(SolutionConfigurationPlatforms) = preSolution
		Debug|Any CPU = Debug|Any CPU
		Release|Any CPU = Release|Any CPU
	EndGlobalSection
	GlobalSection(ProjectConfigurationPlatforms) = postSolution
		{5214936E-8411-899B-B85D-1FAD66C029D3}.Debug|Any CPU.ActiveCfg = Debug|Any CPU
		{5214936E-8411-899B-B85D-1FAD66C029D3}.Debug|Any CPU.Build.0 = Debug|Any CPU
		{5214936E-8411-899B-B85D-1FAD66C029D3}.Release|Any CPU.ActiveCfg = Release|Any CPU
		{5214936E-8411-899B-B85D-1FAD66C029D3}.Release|Any CPU.Build.0 = Release|Any CPU
	EndGlobalSection
	GlobalSection(SolutionProperties) = preSolution
		HideSolutionNode = FALSE
	EndGlobalSection
	GlobalSection(ExtensibilityGlobals) = postSolution
		SolutionGuid = {03352D98-B8F1-4CB0-8F20-3E3145A195E1}
	EndGlobalSection
EndGlobal
